github.com/TechWizardsTeam/gofpdi v1.0.1 h1:3JhdDtxUHdENqZPa1Okj6GgtMe1Auql3NMBOy4+OEvo=
github.com/TechWizardsTeam/gofpdi v1.0.1/go.mod h1:bHog803WjD+0mInLhIqQgCBjDQmhG3lzplz7QwbGP4I=
github.com/pkg/errors v0.8.1 h1:iURUrRGxPUNPdy5/HRSm+Yj6okJ6UtLINN0Q9M4+h3I=
github.com/pkg/errors v0.8.1/go.mod h1:bwawxfHBFNV+L2hUp1rHADufV3IMtnDRdf1r5NINEl0=
